
Microsoft Visual Studio Solution File, Format Version 12.00
# Visual Studio Version 17
VisualStudioVersion = 17.10.34916.146
MinimumVisualStudioVersion = 10.0.40219.1
Project("{8BC9CEB8-8B4A-11D0-8D11-00A0C91BC942}") = "Lab2", "Lab2\Lab2.vcxproj", "{D16B6C00-D086-4E31-9DEC-9DE28043420E}"
EndProject
Global
	GlobalSection(SolutionConfigurationPlatforms) = preSolution
		Debug|x64 = Debug|x64
		Debug|x86 = Debug|x86
		Release|x64 = Release|x64
		Release|x86 = Release|x86
	EndGlobalSection
	GlobalSection(ProjectConfigurationPlatforms) = postSolution
		{D16B6C00-D086-4E31-9DEC-9DE28043420E}.Debug|x64.ActiveCfg = Debug|x64
		{D16B6C00-D086-4E31-9DEC-9DE28043420E}.Debug|x64.Build.0 = Debug|x64
		{D16B6C00-D086-4E31-9DEC-9DE28043420E}.Debug|x86.ActiveCfg = Debug|Win32
		{D16B6C00-D086-4E31-9DEC-9DE28043420E}.Debug|x86.Build.0 = Debug|Win32
		{D16B6C00-D086-4E31-9DEC-9DE28043420E}.Release|x64.ActiveCfg = Release|x64
		{D16B6C00-D086-4E31-9DEC-9DE28043420E}.Release|x64.Build.0 = Release|x64
		{D16B6C00-D086-4E31-9DEC-9DE28043420E}.Release|x86.ActiveCfg = Release|Win32
		{D16B6C00-D086-4E31-9DEC-9DE28043420E}.Release|x86.Build.0 = Release|Win32
	EndGlobalSection
	GlobalSection(SolutionProperties) = preSolution
		HideSolutionNode = FALSE
	EndGlobalSection
	GlobalSection(ExtensibilityGlobals) = postSolution
		SolutionGuid = {68F7F786-33FA-4C46-9D49-615576ACFA6B}
	EndGlobalSection
EndGlobal
